
Microsoft Visual Studio Solution File, Format Version 12.00
# Visual Studio Version 17
VisualStudioVersion = 17.10.35122.118
MinimumVisualStudioVersion = 10.0.40219.1
Project("{9A19103F-16F7-4668-BE54-9A1E7A4F7556}") = "MythicalBooksAPI", "MythicalBooksAPI\MythicalBooksAPI.csproj", "{7A2A35CF-99FA-4635-AF83-1D951D44B076}"
EndProject
Global
	GlobalSection(SolutionConfigurationPlatforms) = preSolution
		Debug|Any CPU = Debug|Any CPU
		Release|Any CPU = Release|Any CPU
	EndGlobalSection
	GlobalSection(ProjectConfigurationPlatforms) = postSolution
		{7A2A35CF-99FA-4635-AF83-1D951D44B076}.Debug|Any CPU.ActiveCfg = Debug|Any CPU
		{7A2A35CF-99FA-4635-AF83-1D951D44B076}.Debug|Any CPU.Build.0 = Debug|Any CPU
		{7A2A35CF-99FA-4635-AF83-1D951D44B076}.Release|Any CPU.ActiveCfg = Release|Any CPU
		{7A2A35CF-99FA-4635-AF83-1D951D44B076}.Release|Any CPU.Build.0 = Release|Any CPU
	EndGlobalSection
	GlobalSection(SolutionProperties) = preSolution
		HideSolutionNode = FALSE
	EndGlobalSection
	GlobalSection(ExtensibilityGlobals) = postSolution
		SolutionGuid = {A76051E5-A304-4390-AD24-C8DE9B82439D}
	EndGlobalSection
EndGlobal
